
Microsoft Visual Studio Solution File, Format Version 12.00
# Visual Studio Version 16
VisualStudioVersion = 16.0.30907.101
MinimumVisualStudioVersion = 10.0.40219.1
Project("{FAE04EC0-301F-11D3-BF4B-00C04F79EFBC}") = "MonsterTests", "MonsterTests.csproj", "{417F8DEB-D288-459F-BAA0-BBF423A54EE1}"
EndProject
Global
	GlobalSection(SolutionConfigurationPlatforms) = preSolution
		Debug|Any CPU = Debug|Any CPU
		Release|Any CPU = Release|Any CPU
	EndGlobalSection
	GlobalSection(ProjectConfigurationPlatforms) = postSolution
		{417F8DEB-D288-459F-BAA0-BBF423A54EE1}.Debug|Any CPU.ActiveCfg = Debug|Any CPU
		{417F8DEB-D288-459F-BAA0-BBF423A54EE1}.Debug|Any CPU.Build.0 = Debug|Any CPU
		{417F8DEB-D288-459F-BAA0-BBF423A54EE1}.Release|Any CPU.ActiveCfg = Release|Any CPU
		{417F8DEB-D288-459F-BAA0-BBF423A54EE1}.Release|Any CPU.Build.0 = Release|Any CPU
	EndGlobalSection
	GlobalSection(SolutionProperties) = preSolution
		HideSolutionNode = FALSE
	EndGlobalSection
	GlobalSection(ExtensibilityGlobals) = postSolution
		SolutionGuid = {9BF5B7DE-5FC6-40B5-BECA-6FFC8BAF7E7E}
	EndGlobalSection
EndGlobal
